
Microsoft Visual Studio Solution File, Format Version 12.00
# Visual Studio 15
VisualStudioVersion = 15.0.28307.438
MinimumVisualStudioVersion = 10.0.40219.1
Project("{FAE04EC0-301F-11D3-BF4B-00C04F79EFBC}") = "Sistema Projeto", "Sistema Projeto\Sistema Projeto.csproj", "{CF1BAD06-90D2-4B47-A26D-0AC93CB656E8}"
EndProject
Global
	GlobalSection(SolutionConfigurationPlatforms) = preSolution
		Debug|Any CPU = Debug|Any CPU
		Release|Any CPU = Release|Any CPU
	EndGlobalSection
	GlobalSection(ProjectConfigurationPlatforms) = postSolution
		{CF1BAD06-90D2-4B47-A26D-0AC93CB656E8}.Debug|Any CPU.ActiveCfg = Debug|Any CPU
		{CF1BAD06-90D2-4B47-A26D-0AC93CB656E8}.Debug|Any CPU.Build.0 = Debug|Any CPU
		{CF1BAD06-90D2-4B47-A26D-0AC93CB656E8}.Release|Any CPU.ActiveCfg = Release|Any CPU
		{CF1BAD06-90D2-4B47-A26D-0AC93CB656E8}.Release|Any CPU.Build.0 = Release|Any CPU
	EndGlobalSection
	GlobalSection(SolutionProperties) = preSolution
		HideSolutionNode = FALSE
	EndGlobalSection
	GlobalSection(ExtensibilityGlobals) = postSolution
		SolutionGuid = {2EC9E4F2-7B4C-4ED9-903D-43D1AF8668A6}
	EndGlobalSection
EndGlobal
